
Microsoft Visual Studio Solution File, Format Version 12.00
# Visual Studio Version 17
VisualStudioVersion = 17.12.35323.107
MinimumVisualStudioVersion = 10.0.40219.1
Project("{FAE04EC0-301F-11D3-BF4B-00C04F79EFBC}") = "HR", "HR\HR.csproj", "{90353259-8462-4140-9E54-ECBEB35F1FE1}"
EndProject
Project("{2150E333-8FDC-42A3-9474-1A3956D46DE8}") = "Solution Items", "Solution Items", "{36857077-9406-4494-BE0D-F32F530897B5}"
	ProjectSection(SolutionItems) = preProject
		.editorconfig = .editorconfig
	EndProjectSection
EndProject
Global
	GlobalSection(SolutionConfigurationPlatforms) = preSolution
		Debug|Any CPU = Debug|Any CPU
		Release|Any CPU = Release|Any CPU
	EndGlobalSection
	GlobalSection(ProjectConfigurationPlatforms) = postSolution
		{90353259-8462-4140-9E54-ECBEB35F1FE1}.Debug|Any CPU.ActiveCfg = Debug|Any CPU
		{90353259-8462-4140-9E54-ECBEB35F1FE1}.Debug|Any CPU.Build.0 = Debug|Any CPU
		{90353259-8462-4140-9E54-ECBEB35F1FE1}.Release|Any CPU.ActiveCfg = Release|Any CPU
		{90353259-8462-4140-9E54-ECBEB35F1FE1}.Release|Any CPU.Build.0 = Release|Any CPU
	EndGlobalSection
	GlobalSection(SolutionProperties) = preSolution
		HideSolutionNode = FALSE
	EndGlobalSection
	GlobalSection(ExtensibilityGlobals) = postSolution
		SolutionGuid = {48786AF5-C3F3-4813-99E7-42F3672AECCC}
	EndGlobalSection
EndGlobal
